<?xml version="1.0" encoding="UTF-8"?>
<CONFIG>
  <ProjectOptions>
    <Version Value="12"/>
    <PathDelim Value="\"/>
    <General>
      <Flags>
        <MainUnitHasCreateFormStatements Value="False"/>
        <CompatibilityMode Value="True"/>
      </Flags>
      <Title Value="hello"/>
      <UseAppBundle Value="False"/>
      <ResourceType Value="res"/>
    </General>
    <i18n>
      <EnableI18N LFM="False"/>
    </i18n>
    <BuildModes Count="4" Active="Linux">
      <Item1 Name="Default" Default="True"/>
      <Item2 Name="Debug">
        <CompilerOptions>
          <Version Value="11"/>
          <PathDelim Value="\"/>
          <Target>
            <Filename Value="hello" ApplyConventions="False"/>
          </Target>
          <SearchPaths>
            <IncludeFiles Value="$(ProjOutDir)"/>
            <OtherUnitFiles Value=".."/>
            <UnitOutputDirectory Value="lib\$(TargetCPU)-$(TargetOS)"/>
          </SearchPaths>
          <Parsing>
            <SyntaxOptions>
              <IncludeAssertionCode Value="True"/>
            </SyntaxOptions>
          </Parsing>
          <CodeGeneration>
            <Checks>
              <IOChecks Value="True"/>
              <RangeChecks Value="True"/>
              <OverflowChecks Value="True"/>
              <StackChecks Value="True"/>
            </Checks>
          </CodeGeneration>
          <Linking>
            <Debugging>
              <DebugInfoType Value="dsDwarf2Set"/>
              <UseHeaptrc Value="True"/>
              <UseExternalDbgSyms Value="True"/>
            </Debugging>
          </Linking>
        </CompilerOptions>
      </Item2>
      <Item3 Name="Release">
        <CompilerOptions>
          <Version Value="11"/>
          <PathDelim Value="\"/>
          <Target>
            <Filename Value="hello.fcgi" ApplyConventions="False"/>
          </Target>
          <SearchPaths>
            <IncludeFiles Value="$(ProjOutDir)"/>
            <OtherUnitFiles Value=".."/>
            <UnitOutputDirectory Value="lib\$(TargetCPU)-$(TargetOS)"/>
          </SearchPaths>
          <CodeGeneration>
            <SmartLinkUnit Value="True"/>
            <Optimizations>
              <OptimizationLevel Value="3"/>
            </Optimizations>
          </CodeGeneration>
          <Linking>
            <Debugging>
              <GenerateDebugInfo Value="False"/>
            </Debugging>
            <LinkSmart Value="True"/>
          </Linking>
        </CompilerOptions>
      </Item3>
      <Item4 Name="Linux">
        <CompilerOptions>
          <Version Value="11"/>
          <PathDelim Value="\"/>
          <Target>
            <Filename Value="hello.fcgi" ApplyConventions="False"/>
          </Target>
          <SearchPaths>
            <IncludeFiles Value="$(ProjOutDir)"/>
            <OtherUnitFiles Value=".."/>
            <UnitOutputDirectory Value="lib\$(TargetCPU)-$(TargetOS)"/>
          </SearchPaths>
          <CodeGeneration>
            <SmartLinkUnit Value="True"/>
            <TargetCPU Value="x86_64"/>
            <TargetOS Value="linux"/>
            <Optimizations>
              <OptimizationLevel Value="3"/>
            </Optimizations>
          </CodeGeneration>
          <Linking>
            <Debugging>
              <GenerateDebugInfo Value="False"/>
              <StripSymbols Value="True"/>
            </Debugging>
            <LinkSmart Value="True"/>
          </Linking>
          <Other>
            <CustomOptions Value="-dni18n"/>
          </Other>
        </CompilerOptions>
      </Item4>
    </BuildModes>
    <PublishOptions>
      <Version Value="2"/>
    </PublishOptions>
    <RunParams>
      <FormatVersion Value="2"/>
      <Modes Count="1">
        <Mode0 Name="default"/>
      </Modes>
    </RunParams>
    <RequiredPackages Count="3">
      <Item1>
        <PackageName Value="LazUtils"/>
      </Item1>
      <Item2>
        <PackageName Value="fptelegram"/>
      </Item2>
      <Item3>
        <PackageName Value="BrookRT"/>
      </Item3>
    </RequiredPackages>
    <Units Count="34">
      <Unit0>
        <Filename Value="hello.lpr"/>
        <IsPartOfProject Value="True"/>
        <EditorIndex Value="-1"/>
        <WindowIndex Value="-1"/>
        <TopLine Value="-1"/>
        <CursorPos X="-1" Y="-1"/>
        <UsageCount Value="50"/>
      </Unit0>
      <Unit1>
        <Filename Value="telegramwebhookaction.pas"/>
        <IsPartOfProject Value="True"/>
        <IsVisibleTab Value="True"/>
        <TopLine Value="85"/>
        <CursorPos X="6" Y="97"/>
        <UsageCount Value="50"/>
        <Loaded Value="True"/>
      </Unit1>
      <Unit2>
        <Filename Value="brokers.pas"/>
        <IsPartOfProject Value="True"/>
        <UnitName Value="Brokers"/>
        <EditorIndex Value="5"/>
        <CursorPos X="21" Y="8"/>
        <UsageCount Value="50"/>
        <Loaded Value="True"/>
      </Unit2>
      <Unit3>
        <Filename Value="..\brooktelegramaction.pas"/>
        <EditorIndex Value="1"/>
        <TopLine Value="1319"/>
        <CursorPos X="3" Y="174"/>
        <UsageCount Value="22"/>
        <Loaded Value="True"/>
      </Unit3>
      <Unit4>
        <Filename Value="C:\lazarus1_6\components\brookframework\core\brookaction.pas"/>
        <UnitName Value="BrookAction"/>
        <EditorIndex Value="-1"/>
        <TopLine Value="37"/>
        <CursorPos X="17" Y="49"/>
        <UsageCount Value="10"/>
      </Unit4>
      <Unit5>
        <Filename Value="C:\lazarus1_6\components\brookframework\core\brookhttpdefs.pas"/>
        <UnitName Value="BrookHttpDefs"/>
        <EditorIndex Value="-1"/>
        <TopLine Value="14"/>
        <CursorPos X="3" Y="25"/>
        <UsageCount Value="10"/>
      </Unit5>
      <Unit6>
        <Filename Value="C:\lazarus1_6\fpc\3.0.2\source\packages\fcl-json\src\fpjson.pp"/>
        <EditorIndex Value="-1"/>
        <TopLine Value="837"/>
        <CursorPos X="12" Y="843"/>
        <UsageCount Value="10"/>
      </Unit6>
      <Unit7>
        <Filename Value="..\..\TGBotLazarus\trunk\tgtypes.pas"/>
        <EditorIndex Value="-1"/>
        <TopLine Value="140"/>
        <CursorPos X="3" Y="148"/>
        <UsageCount Value="10"/>
      </Unit7>
      <Unit8>
        <Filename Value="..\tgstatlog.pas"/>
        <EditorIndex Value="-1"/>
        <TopLine Value="215"/>
        <CursorPos X="22" Y="103"/>
        <UsageCount Value="16"/>
      </Unit8>
      <Unit9>
        <Filename Value="D:\usr\share\fpcsrc\3.0.0\rtl\objpas\classes\classesh.inc"/>
        <EditorIndex Value="-1"/>
        <TopLine Value="1798"/>
        <CursorPos X="58" Y="1810"/>
        <UsageCount Value="10"/>
      </Unit9>
      <Unit10>
        <Filename Value="D:\usr\share\fpcsrc\3.0.0\packages\fcl-base\src\eventlog.pp"/>
        <EditorIndex Value="-1"/>
        <TopLine Value="43"/>
        <CursorPos X="14" Y="56"/>
        <UsageCount Value="10"/>
      </Unit10>
      <Unit11>
        <Filename Value="D:\usr\share\fpcsrc\3.0.0\packages\fcl-base\src\unix\eventlog.inc"/>
        <EditorIndex Value="-1"/>
        <TopLine Value="20"/>
        <CursorPos X="3" Y="59"/>
        <UsageCount Value="10"/>
      </Unit11>
      <Unit12>
        <Filename Value="D:\usr\share\fpcsrc\3.0.0\rtl\objpas\sysutils\osutilsh.inc"/>
        <EditorIndex Value="-1"/>
        <TopLine Value="31"/>
        <CursorPos X="10" Y="46"/>
        <UsageCount Value="10"/>
      </Unit12>
      <Unit13>
        <Filename Value="D:\usr\share\fpcsrc\3.0.0\rtl\objpas\sysutils\osutil.inc"/>
        <EditorIndex Value="-1"/>
        <TopLine Value="107"/>
        <CursorPos X="54" Y="113"/>
        <UsageCount Value="10"/>
      </Unit13>
      <Unit14>
        <Filename Value="D:\usr\share\fpcsrc\3.0.0\rtl\unix\sysutils.pp"/>
        <EditorIndex Value="-1"/>
        <TopLine Value="1515"/>
        <CursorPos X="3" Y="1518"/>
        <UsageCount Value="10"/>
      </Unit14>
      <Unit15>
        <Filename Value="D:\usr\share\fpcsrc\3.0.0\rtl\objpas\sysutils\finah.inc"/>
        <EditorIndex Value="-1"/>
        <TopLine Value="12"/>
        <CursorPos X="10" Y="27"/>
        <UsageCount Value="10"/>
      </Unit15>
      <Unit16>
        <Filename Value="D:\usr\share\fpcsrc\3.0.0\rtl\objpas\sysutils\fina.inc"/>
        <EditorIndex Value="-1"/>
        <TopLine Value="54"/>
        <CursorPos X="3" Y="59"/>
        <UsageCount Value="10"/>
      </Unit16>
      <Unit17>
        <Filename Value="..\..\..\fp-telegram\trunk\tgsendertypes.pas"/>
        <EditorIndex Value="-1"/>
        <TopLine Value="993"/>
        <CursorPos X="32" Y="1010"/>
        <UsageCount Value="17"/>
      </Unit17>
      <Unit18>
        <Filename Value="C:\fpcupdeluxe\ccr\brookframework\core\brookaction.pas"/>
        <UnitName Value="BrookAction"/>
        <EditorIndex Value="-1"/>
        <TopLine Value="372"/>
        <CursorPos X="3" Y="374"/>
        <UsageCount Value="11"/>
      </Unit18>
      <Unit19>
        <Filename Value="C:\fpcupdeluxe\fpcsrc\packages\fcl-json\src\jsonscanner.pp"/>
        <EditorIndex Value="-1"/>
        <TopLine Value="50"/>
        <CursorPos X="3" Y="57"/>
        <UsageCount Value="11"/>
      </Unit19>
      <Unit20>
        <Filename Value="C:\lazarus32\ccr\brookframework\core\brookaction.pas"/>
        <UnitName Value="BrookAction"/>
        <EditorIndex Value="-1"/>
        <TopLine Value="41"/>
        <CursorPos X="17" Y="52"/>
        <UsageCount Value="10"/>
      </Unit20>
      <Unit21>
        <Filename Value="C:\lazarus32\ccr\brookframework\core\brookhttpconsts.pas"/>
        <UnitName Value="BrookHttpConsts"/>
        <EditorIndex Value="-1"/>
        <TopLine Value="156"/>
        <CursorPos X="3" Y="166"/>
        <UsageCount Value="10"/>
      </Unit21>
      <Unit22>
        <Filename Value="C:\lazarus32\fpcsrc\packages\fcl-web\src\base\httpdefs.pp"/>
        <UnitName Value="HTTPDefs"/>
        <EditorIndex Value="-1"/>
        <TopLine Value="363"/>
        <CursorPos X="14" Y="306"/>
        <UsageCount Value="10"/>
      </Unit22>
      <Unit23>
        <Filename Value="C:\lazarus32\fpcsrc\packages\fcl-web\src\base\httpprotocol.pp"/>
        <EditorIndex Value="-1"/>
        <TopLine Value="6"/>
        <CursorPos X="10" Y="12"/>
        <UsageCount Value="10"/>
      </Unit23>
      <Unit24>
        <Filename Value="C:\lazarus32\fpcsrc\rtl\objpas\classes\classesh.inc"/>
        <EditorIndex Value="-1"/>
        <TopLine Value="770"/>
        <CursorPos X="3" Y="735"/>
        <UsageCount Value="10"/>
      </Unit24>
      <Unit25>
        <Filename Value="C:\lazarus32\ccr\brookframework\brokers\brookfclfcgibroker.pas"/>
        <UnitName Value="BrookFCLFCGIBroker"/>
        <EditorIndex Value="-1"/>
        <TopLine Value="79"/>
        <UsageCount Value="10"/>
      </Unit25>
      <Unit26>
        <Filename Value="..\..\..\fp-telegram\trunk\tgtypes.pas"/>
        <EditorIndex Value="-1"/>
        <TopLine Value="309"/>
        <CursorPos X="27" Y="319"/>
        <UsageCount Value="13"/>
      </Unit26>
      <Unit27>
        <Filename Value="C:\lazarus32\fpcsrc\rtl\objpas\sysutils\finah.inc"/>
        <EditorIndex Value="-1"/>
        <TopLine Value="16"/>
        <CursorPos X="10" Y="27"/>
        <UsageCount Value="10"/>
      </Unit27>
      <Unit28>
        <Filename Value="C:\lazarus32\fpcsrc\rtl\objpas\sysutils\fina.inc"/>
        <EditorIndex Value="-1"/>
        <TopLine Value="54"/>
        <CursorPos X="3" Y="59"/>
        <UsageCount Value="10"/>
      </Unit28>
      <Unit29>
        <Filename Value="..\..\fp-telegram\tgstatlog.pas"/>
        <EditorIndex Value="-1"/>
        <CursorPos X="3" Y="13"/>
        <UsageCount Value="10"/>
      </Unit29>
      <Unit30>
        <Filename Value="..\..\fp-telegram\tgsendertypes.pas"/>
        <EditorIndex Value="2"/>
        <TopLine Value="635"/>
        <CursorPos X="26" Y="646"/>
        <UsageCount Value="12"/>
        <Loaded Value="True"/>
      </Unit30>
      <Unit31>
        <Filename Value="..\..\fp-telegram\tgfclhttpclientbroker.pas"/>
        <EditorIndex Value="3"/>
        <TopLine Value="55"/>
        <CursorPos X="39" Y="249"/>
        <UsageCount Value="12"/>
        <Loaded Value="True"/>
      </Unit31>
      <Unit32>
        <Filename Value="..\..\fp-telegram\tgbasehttpclient.pas"/>
        <EditorIndex Value="4"/>
        <TopLine Value="56"/>
        <CursorPos X="3" Y="83"/>
        <UsageCount Value="12"/>
        <Loaded Value="True"/>
      </Unit32>
      <Unit33>
        <Filename Value="..\..\fp-telegram\fptelegram.pas"/>
        <EditorIndex Value="-1"/>
        <UsageCount Value="10"/>
      </Unit33>
    </Units>
    <JumpHistory Count="30" HistoryIndex="29">
      <Position1>
        <Filename Value="telegramwebhookaction.pas"/>
        <Caret Line="55" Column="32" TopLine="45"/>
      </Position1>
      <Position2>
        <Filename Value="telegramwebhookaction.pas"/>
        <Caret Line="18" Column="43" TopLine="4"/>
      </Position2>
      <Position3>
        <Filename Value="telegramwebhookaction.pas"/>
        <Caret Line="58" Column="19" TopLine="51"/>
      </Position3>
      <Position4>
        <Filename Value="..\brooktelegramaction.pas"/>
        <Caret Line="58" Column="17" TopLine="46"/>
      </Position4>
      <Position5>
        <Filename Value="telegramwebhookaction.pas"/>
        <Caret Line="68" Column="46" TopLine="61"/>
      </Position5>
      <Position6>
        <Filename Value="telegramwebhookaction.pas"/>
        <Caret Line="20" Column="34" TopLine="6"/>
      </Position6>
      <Position7>
        <Filename Value="telegramwebhookaction.pas"/>
        <Caret Line="24" Column="20" TopLine="16"/>
      </Position7>
      <Position8>
        <Filename Value="..\brooktelegramaction.pas"/>
        <Caret Line="58" Column="26" TopLine="49"/>
      </Position8>
      <Position9>
        <Filename Value="..\brooktelegramaction.pas"/>
        <Caret Line="750" Column="35" TopLine="734"/>
      </Position9>
      <Position10>
        <Filename Value="..\brooktelegramaction.pas"/>
        <Caret Line="749" Column="58" TopLine="738"/>
      </Position10>
      <Position11>
        <Filename Value="telegramwebhookaction.pas"/>
        <Caret Line="84" Column="27" TopLine="59"/>
      </Position11>
      <Position12>
        <Filename Value="..\brooktelegramaction.pas"/>
        <Caret Line="51" Column="17" TopLine="43"/>
      </Position12>
      <Position13>
        <Filename Value="telegramwebhookaction.pas"/>
        <Caret Line="93" Column="35" TopLine="68"/>
      </Position13>
      <Position14>
        <Filename Value="telegramwebhookaction.pas"/>
        <Caret Line="72" Column="9" TopLine="56"/>
      </Position14>
      <Position15>
        <Filename Value="telegramwebhookaction.pas"/>
        <Caret Line="14" Column="3" TopLine="10"/>
      </Position15>
      <Position16>
        <Filename Value="..\brooktelegramaction.pas"/>
        <Caret Line="77" Column="15" TopLine="61"/>
      </Position16>
      <Position17>
        <Filename Value="..\brooktelegramaction.pas"/>
        <Caret Line="101" Column="27" TopLine="86"/>
      </Position17>
      <Position18>
        <Filename Value="telegramwebhookaction.pas"/>
        <Caret Line="14" Column="3" TopLine="10"/>
      </Position18>
      <Position19>
        <Filename Value="telegramwebhookaction.pas"/>
        <Caret Line="73" Column="7" TopLine="62"/>
      </Position19>
      <Position20>
        <Filename Value="telegramwebhookaction.pas"/>
        <Caret Line="87" Column="7" TopLine="77"/>
      </Position20>
      <Position21>
        <Filename Value="telegramwebhookaction.pas"/>
        <Caret Line="89" Column="21" TopLine="78"/>
      </Position21>
      <Position22>
        <Filename Value="..\brooktelegramaction.pas"/>
        <Caret Line="174" Column="3"/>
      </Position22>
      <Position23>
        <Filename Value="..\..\fp-telegram\tgsendertypes.pas"/>
        <Caret Line="643" Column="49" TopLine="635"/>
      </Position23>
      <Position24>
        <Filename Value="..\..\fp-telegram\tgfclhttpclientbroker.pas"/>
        <Caret Line="249" Column="39" TopLine="231"/>
      </Position24>
      <Position25>
        <Filename Value="..\..\fp-telegram\tgbasehttpclient.pas"/>
        <Caret Line="57" Column="21" TopLine="48"/>
      </Position25>
      <Position26>
        <Filename Value="..\..\fp-telegram\tgfclhttpclientbroker.pas"/>
        <Caret Line="249" Column="39" TopLine="232"/>
      </Position26>
      <Position27>
        <Filename Value="..\..\fp-telegram\tgbasehttpclient.pas"/>
        <Caret Line="56" Column="21" TopLine="47"/>
      </Position27>
      <Position28>
        <Filename Value="..\..\fp-telegram\tgsendertypes.pas"/>
        <Caret Line="646" Column="26" TopLine="635"/>
      </Position28>
      <Position29>
        <Filename Value="telegramwebhookaction.pas"/>
        <Caret Line="45" Column="24" TopLine="37"/>
      </Position29>
      <Position30>
        <Filename Value="telegramwebhookaction.pas"/>
        <Caret Line="53" Column="7" TopLine="44"/>
      </Position30>
    </JumpHistory>
  </ProjectOptions>
  <CompilerOptions>
    <Version Value="11"/>
    <PathDelim Value="\"/>
    <Target>
      <Filename Value="hello" ApplyConventions="False"/>
    </Target>
    <SearchPaths>
      <IncludeFiles Value="$(ProjOutDir)"/>
      <OtherUnitFiles Value=".."/>
      <UnitOutputDirectory Value="lib\$(TargetCPU)-$(TargetOS)"/>
    </SearchPaths>
  </CompilerOptions>
  <Debugging>
    <Exceptions Count="3">
      <Item1>
        <Name Value="EAbort"/>
      </Item1>
      <Item2>
        <Name Value="ECodetoolError"/>
      </Item2>
      <Item3>
        <Name Value="EFOpenError"/>
      </Item3>
    </Exceptions>
  </Debugging>
</CONFIG>
