<?xml version="1.0" encoding="UTF-8"?>
<CONFIG>
  <ProjectOptions>
    <Version Value="10"/>
    <PathDelim Value="\"/>
    <General>
      <Flags>
        <MainUnitHasCreateFormStatements Value="False"/>
      </Flags>
      <MainUnit Value="0"/>
      <Title Value="hello"/>
      <UseAppBundle Value="False"/>
      <ResourceType Value="res"/>
    </General>
    <i18n>
      <EnableI18N LFM="False"/>
    </i18n>
    <BuildModes Count="4" Active="Debug">
      <Item1 Name="Default" Default="True"/>
      <Item2 Name="Debug">
        <CompilerOptions>
          <Version Value="11"/>
          <PathDelim Value="\"/>
          <Target>
            <Filename Value="hello" ApplyConventions="False"/>
          </Target>
          <SearchPaths>
            <IncludeFiles Value="$(ProjOutDir)"/>
            <OtherUnitFiles Value=".."/>
            <UnitOutputDirectory Value="lib\$(TargetCPU)-$(TargetOS)"/>
          </SearchPaths>
          <Parsing>
            <SyntaxOptions>
              <IncludeAssertionCode Value="True"/>
            </SyntaxOptions>
          </Parsing>
          <CodeGeneration>
            <Checks>
              <IOChecks Value="True"/>
              <RangeChecks Value="True"/>
              <OverflowChecks Value="True"/>
              <StackChecks Value="True"/>
            </Checks>
          </CodeGeneration>
          <Linking>
            <Debugging>
              <DebugInfoType Value="dsDwarf2Set"/>
              <UseHeaptrc Value="True"/>
              <UseExternalDbgSyms Value="True"/>
            </Debugging>
          </Linking>
        </CompilerOptions>
      </Item2>
      <Item3 Name="Release">
        <CompilerOptions>
          <Version Value="11"/>
          <PathDelim Value="\"/>
          <Target>
            <Filename Value="hello.fcgi" ApplyConventions="False"/>
          </Target>
          <SearchPaths>
            <IncludeFiles Value="$(ProjOutDir)"/>
            <OtherUnitFiles Value=".."/>
            <UnitOutputDirectory Value="lib\$(TargetCPU)-$(TargetOS)"/>
          </SearchPaths>
          <CodeGeneration>
            <SmartLinkUnit Value="True"/>
            <Optimizations>
              <OptimizationLevel Value="3"/>
            </Optimizations>
          </CodeGeneration>
          <Linking>
            <Debugging>
              <GenerateDebugInfo Value="False"/>
            </Debugging>
            <LinkSmart Value="True"/>
          </Linking>
        </CompilerOptions>
      </Item3>
      <Item4 Name="Linux">
        <CompilerOptions>
          <Version Value="11"/>
          <PathDelim Value="\"/>
          <Target>
            <Filename Value="hello.fcgi" ApplyConventions="False"/>
          </Target>
          <SearchPaths>
            <IncludeFiles Value="$(ProjOutDir)"/>
            <OtherUnitFiles Value=".."/>
            <UnitOutputDirectory Value="lib\$(TargetCPU)-$(TargetOS)"/>
          </SearchPaths>
          <CodeGeneration>
            <SmartLinkUnit Value="True"/>
            <TargetCPU Value="x86_64"/>
            <TargetOS Value="linux"/>
            <Optimizations>
              <OptimizationLevel Value="3"/>
            </Optimizations>
          </CodeGeneration>
          <Linking>
            <Debugging>
              <GenerateDebugInfo Value="False"/>
              <StripSymbols Value="True"/>
            </Debugging>
            <LinkSmart Value="True"/>
          </Linking>
        </CompilerOptions>
      </Item4>
    </BuildModes>
    <PublishOptions>
      <Version Value="2"/>
    </PublishOptions>
    <RunParams>
      <local>
        <FormatVersion Value="1"/>
      </local>
    </RunParams>
    <RequiredPackages Count="3">
      <Item1>
        <PackageName Value="LazUtils"/>
      </Item1>
      <Item2>
        <PackageName Value="fptelegram"/>
      </Item2>
      <Item3>
        <PackageName Value="BrookRT"/>
      </Item3>
    </RequiredPackages>
    <Units Count="27">
      <Unit0>
        <Filename Value="hello.lpr"/>
        <IsPartOfProject Value="True"/>
        <EditorIndex Value="-1"/>
        <WindowIndex Value="-1"/>
        <TopLine Value="-1"/>
        <CursorPos X="-1" Y="-1"/>
        <UsageCount Value="40"/>
      </Unit0>
      <Unit1>
        <Filename Value="telegramwebhookaction.pas"/>
        <IsPartOfProject Value="True"/>
        <IsVisibleTab Value="True"/>
        <TopLine Value="55"/>
        <CursorPos X="10" Y="43"/>
        <UsageCount Value="40"/>
        <Loaded Value="True"/>
      </Unit1>
      <Unit2>
        <Filename Value="brokers.pas"/>
        <IsPartOfProject Value="True"/>
        <UnitName Value="Brokers"/>
        <EditorIndex Value="4"/>
        <TopLine Value="2"/>
        <CursorPos X="3" Y="11"/>
        <UsageCount Value="40"/>
        <Loaded Value="True"/>
      </Unit2>
      <Unit3>
        <Filename Value="..\brooktelegramaction.pas"/>
        <EditorIndex Value="1"/>
        <TopLine Value="554"/>
        <CursorPos X="30" Y="565"/>
        <UsageCount Value="19"/>
        <Loaded Value="True"/>
      </Unit3>
      <Unit4>
        <Filename Value="C:\lazarus1_6\components\brookframework\core\brookaction.pas"/>
        <UnitName Value="BrookAction"/>
        <EditorIndex Value="-1"/>
        <TopLine Value="37"/>
        <CursorPos X="17" Y="49"/>
        <UsageCount Value="10"/>
      </Unit4>
      <Unit5>
        <Filename Value="C:\lazarus1_6\components\brookframework\core\brookhttpdefs.pas"/>
        <UnitName Value="BrookHttpDefs"/>
        <EditorIndex Value="-1"/>
        <TopLine Value="14"/>
        <CursorPos X="3" Y="25"/>
        <UsageCount Value="10"/>
      </Unit5>
      <Unit6>
        <Filename Value="C:\lazarus1_6\fpc\3.0.2\source\packages\fcl-json\src\fpjson.pp"/>
        <EditorIndex Value="-1"/>
        <TopLine Value="837"/>
        <CursorPos X="12" Y="843"/>
        <UsageCount Value="10"/>
      </Unit6>
      <Unit7>
        <Filename Value="..\..\TGBotLazarus\trunk\tgtypes.pas"/>
        <EditorIndex Value="-1"/>
        <TopLine Value="140"/>
        <CursorPos X="3" Y="148"/>
        <UsageCount Value="10"/>
      </Unit7>
      <Unit8>
        <Filename Value="..\tgstatlog.pas"/>
        <EditorIndex Value="-1"/>
        <TopLine Value="215"/>
        <CursorPos X="22" Y="103"/>
        <UsageCount Value="16"/>
      </Unit8>
      <Unit9>
        <Filename Value="D:\usr\share\fpcsrc\3.0.0\rtl\objpas\classes\classesh.inc"/>
        <EditorIndex Value="-1"/>
        <TopLine Value="1798"/>
        <CursorPos X="58" Y="1810"/>
        <UsageCount Value="10"/>
      </Unit9>
      <Unit10>
        <Filename Value="D:\usr\share\fpcsrc\3.0.0\packages\fcl-base\src\eventlog.pp"/>
        <EditorIndex Value="-1"/>
        <TopLine Value="43"/>
        <CursorPos X="14" Y="56"/>
        <UsageCount Value="10"/>
      </Unit10>
      <Unit11>
        <Filename Value="D:\usr\share\fpcsrc\3.0.0\packages\fcl-base\src\unix\eventlog.inc"/>
        <EditorIndex Value="-1"/>
        <TopLine Value="20"/>
        <CursorPos X="3" Y="59"/>
        <UsageCount Value="10"/>
      </Unit11>
      <Unit12>
        <Filename Value="D:\usr\share\fpcsrc\3.0.0\rtl\objpas\sysutils\osutilsh.inc"/>
        <EditorIndex Value="-1"/>
        <TopLine Value="31"/>
        <CursorPos X="10" Y="46"/>
        <UsageCount Value="10"/>
      </Unit12>
      <Unit13>
        <Filename Value="D:\usr\share\fpcsrc\3.0.0\rtl\objpas\sysutils\osutil.inc"/>
        <EditorIndex Value="-1"/>
        <TopLine Value="107"/>
        <CursorPos X="54" Y="113"/>
        <UsageCount Value="10"/>
      </Unit13>
      <Unit14>
        <Filename Value="D:\usr\share\fpcsrc\3.0.0\rtl\unix\sysutils.pp"/>
        <EditorIndex Value="-1"/>
        <TopLine Value="1515"/>
        <CursorPos X="3" Y="1518"/>
        <UsageCount Value="10"/>
      </Unit14>
      <Unit15>
        <Filename Value="D:\usr\share\fpcsrc\3.0.0\rtl\objpas\sysutils\finah.inc"/>
        <EditorIndex Value="-1"/>
        <TopLine Value="12"/>
        <CursorPos X="10" Y="27"/>
        <UsageCount Value="10"/>
      </Unit15>
      <Unit16>
        <Filename Value="D:\usr\share\fpcsrc\3.0.0\rtl\objpas\sysutils\fina.inc"/>
        <EditorIndex Value="-1"/>
        <TopLine Value="54"/>
        <CursorPos X="3" Y="59"/>
        <UsageCount Value="10"/>
      </Unit16>
      <Unit17>
        <Filename Value="..\..\..\fp-telegram\trunk\tgsendertypes.pas"/>
        <EditorIndex Value="2"/>
        <CursorPos X="28" Y="188"/>
        <UsageCount Value="16"/>
        <Loaded Value="True"/>
      </Unit17>
      <Unit18>
        <Filename Value="C:\fpcupdeluxe\ccr\brookframework\core\brookaction.pas"/>
        <UnitName Value="BrookAction"/>
        <EditorIndex Value="-1"/>
        <TopLine Value="372"/>
        <CursorPos X="3" Y="374"/>
        <UsageCount Value="11"/>
      </Unit18>
      <Unit19>
        <Filename Value="C:\fpcupdeluxe\fpcsrc\packages\fcl-json\src\jsonscanner.pp"/>
        <EditorIndex Value="-1"/>
        <TopLine Value="50"/>
        <CursorPos X="3" Y="57"/>
        <UsageCount Value="11"/>
      </Unit19>
      <Unit20>
        <Filename Value="C:\lazarus32\ccr\brookframework\core\brookaction.pas"/>
        <UnitName Value="BrookAction"/>
        <EditorIndex Value="-1"/>
        <TopLine Value="660"/>
        <CursorPos X="3" Y="632"/>
        <UsageCount Value="10"/>
      </Unit20>
      <Unit21>
        <Filename Value="C:\lazarus32\ccr\brookframework\core\brookhttpconsts.pas"/>
        <UnitName Value="BrookHttpConsts"/>
        <EditorIndex Value="-1"/>
        <TopLine Value="156"/>
        <CursorPos X="3" Y="166"/>
        <UsageCount Value="10"/>
      </Unit21>
      <Unit22>
        <Filename Value="C:\lazarus32\fpcsrc\packages\fcl-web\src\base\httpdefs.pp"/>
        <UnitName Value="HTTPDefs"/>
        <EditorIndex Value="-1"/>
        <TopLine Value="363"/>
        <CursorPos X="14" Y="306"/>
        <UsageCount Value="10"/>
      </Unit22>
      <Unit23>
        <Filename Value="C:\lazarus32\fpcsrc\packages\fcl-web\src\base\httpprotocol.pp"/>
        <EditorIndex Value="-1"/>
        <TopLine Value="6"/>
        <CursorPos X="10" Y="12"/>
        <UsageCount Value="10"/>
      </Unit23>
      <Unit24>
        <Filename Value="C:\lazarus32\fpcsrc\rtl\objpas\classes\classesh.inc"/>
        <EditorIndex Value="-1"/>
        <TopLine Value="770"/>
        <CursorPos X="3" Y="735"/>
        <UsageCount Value="10"/>
      </Unit24>
      <Unit25>
        <Filename Value="C:\lazarus32\ccr\brookframework\brokers\brookfclfcgibroker.pas"/>
        <UnitName Value="BrookFCLFCGIBroker"/>
        <EditorIndex Value="-1"/>
        <TopLine Value="79"/>
        <UsageCount Value="10"/>
      </Unit25>
      <Unit26>
        <Filename Value="..\..\..\fp-telegram\trunk\tgtypes.pas"/>
        <EditorIndex Value="3"/>
        <CursorPos X="36" Y="17"/>
        <UsageCount Value="12"/>
        <Loaded Value="True"/>
      </Unit26>
    </Units>
    <JumpHistory Count="30" HistoryIndex="29">
      <Position1>
        <Filename Value="..\..\..\fp-telegram\trunk\tgsendertypes.pas"/>
        <Caret Line="154" Column="18" TopLine="138"/>
      </Position1>
      <Position2>
        <Filename Value="..\..\..\fp-telegram\trunk\tgsendertypes.pas"/>
        <Caret Line="179" Column="30" TopLine="163"/>
      </Position2>
      <Position3>
        <Filename Value="..\..\..\fp-telegram\trunk\tgsendertypes.pas"/>
        <Caret Line="243" Column="79" TopLine="227"/>
      </Position3>
      <Position4>
        <Filename Value="..\..\..\fp-telegram\trunk\tgsendertypes.pas"/>
        <Caret Line="715" Column="32" TopLine="699"/>
      </Position4>
      <Position5>
        <Filename Value="..\..\..\fp-telegram\trunk\tgsendertypes.pas"/>
        <Caret Line="717" Column="24" TopLine="692"/>
      </Position5>
      <Position6>
        <Filename Value="..\..\..\fp-telegram\trunk\tgsendertypes.pas"/>
        <Caret Line="853" Column="42" TopLine="836"/>
      </Position6>
      <Position7>
        <Filename Value="..\..\..\fp-telegram\trunk\tgsendertypes.pas"/>
        <Caret Line="855" Column="19" TopLine="838"/>
      </Position7>
      <Position8>
        <Filename Value="..\..\..\fp-telegram\trunk\tgsendertypes.pas"/>
        <Caret Line="856" Column="16" TopLine="839"/>
      </Position8>
      <Position9>
        <Filename Value="..\..\..\fp-telegram\trunk\tgsendertypes.pas"/>
        <Caret Line="967" Column="28" TopLine="950"/>
      </Position9>
      <Position10>
        <Filename Value="..\..\..\fp-telegram\trunk\tgsendertypes.pas"/>
        <Caret Line="958" Column="21" TopLine="952"/>
      </Position10>
      <Position11>
        <Filename Value="..\..\..\fp-telegram\trunk\tgsendertypes.pas"/>
        <Caret Line="968" Column="28" TopLine="951"/>
      </Position11>
      <Position12>
        <Filename Value="..\..\..\fp-telegram\trunk\tgsendertypes.pas"/>
        <Caret Line="969" Column="29" TopLine="952"/>
      </Position12>
      <Position13>
        <Filename Value="..\..\..\fp-telegram\trunk\tgsendertypes.pas"/>
        <Caret Line="154" Column="18" TopLine="146"/>
      </Position13>
      <Position14>
        <Filename Value="..\..\..\fp-telegram\trunk\tgsendertypes.pas"/>
        <Caret Line="179" Column="30" TopLine="163"/>
      </Position14>
      <Position15>
        <Filename Value="..\..\..\fp-telegram\trunk\tgsendertypes.pas"/>
        <Caret Line="243" Column="79" TopLine="227"/>
      </Position15>
      <Position16>
        <Filename Value="..\..\..\fp-telegram\trunk\tgsendertypes.pas"/>
        <Caret Line="715" Column="32" TopLine="699"/>
      </Position16>
      <Position17>
        <Filename Value="..\..\..\fp-telegram\trunk\tgsendertypes.pas"/>
        <Caret Line="717" Column="24" TopLine="701"/>
      </Position17>
      <Position18>
        <Filename Value="..\..\..\fp-telegram\trunk\tgsendertypes.pas"/>
        <Caret Line="853" Column="42" TopLine="836"/>
      </Position18>
      <Position19>
        <Filename Value="..\..\..\fp-telegram\trunk\tgsendertypes.pas"/>
        <Caret Line="855" Column="19" TopLine="838"/>
      </Position19>
      <Position20>
        <Filename Value="..\..\..\fp-telegram\trunk\tgsendertypes.pas"/>
        <Caret Line="856" Column="16" TopLine="839"/>
      </Position20>
      <Position21>
        <Filename Value="..\..\..\fp-telegram\trunk\tgsendertypes.pas"/>
        <Caret Line="958" Column="16" TopLine="941"/>
      </Position21>
      <Position22>
        <Filename Value="..\..\..\fp-telegram\trunk\tgsendertypes.pas"/>
        <Caret Line="968" Column="28" TopLine="951"/>
      </Position22>
      <Position23>
        <Filename Value="telegramwebhookaction.pas"/>
        <Caret Line="43" Column="58" TopLine="41"/>
      </Position23>
      <Position24>
        <Filename Value="..\..\..\fp-telegram\trunk\tgsendertypes.pas"/>
        <Caret Line="188" Column="23" TopLine="176"/>
      </Position24>
      <Position25>
        <Filename Value="..\..\..\fp-telegram\trunk\tgsendertypes.pas"/>
        <Caret Line="189" Column="27" TopLine="179"/>
      </Position25>
      <Position26>
        <Filename Value="..\..\..\fp-telegram\trunk\tgsendertypes.pas"/>
        <Caret Line="743" Column="3" TopLine="741"/>
      </Position26>
      <Position27>
        <Filename Value="..\..\..\fp-telegram\trunk\tgsendertypes.pas"/>
        <Caret Line="189" Column="33" TopLine="180"/>
      </Position27>
      <Position28>
        <Filename Value="telegramwebhookaction.pas"/>
        <Caret Line="16" Column="40" TopLine="6"/>
      </Position28>
      <Position29>
        <Filename Value="telegramwebhookaction.pas"/>
        <Caret Line="17" Column="12" TopLine="7"/>
      </Position29>
      <Position30>
        <Filename Value="..\..\..\fp-telegram\trunk\tgsendertypes.pas"/>
        <Caret Line="189" Column="32" TopLine="179"/>
      </Position30>
    </JumpHistory>
  </ProjectOptions>
  <CompilerOptions>
    <Version Value="11"/>
    <PathDelim Value="\"/>
    <Target>
      <Filename Value="hello" ApplyConventions="False"/>
    </Target>
    <SearchPaths>
      <IncludeFiles Value="$(ProjOutDir)"/>
      <OtherUnitFiles Value=".."/>
      <UnitOutputDirectory Value="lib\$(TargetCPU)-$(TargetOS)"/>
    </SearchPaths>
  </CompilerOptions>
  <Debugging>
    <Exceptions Count="3">
      <Item1>
        <Name Value="EAbort"/>
      </Item1>
      <Item2>
        <Name Value="ECodetoolError"/>
      </Item2>
      <Item3>
        <Name Value="EFOpenError"/>
      </Item3>
    </Exceptions>
  </Debugging>
</CONFIG>
